// !$*UTF8*$!
{
	archiveVersion = 1;
	classes = {
	};
	objectVersion = 46;
	objects = {

/* Begin PBXBuildFile section */
		9A127BED1B3C2C00001E2B23 /* AppDelegate.swift in Sources */ = {isa = PBXBuildFile; fileRef = 9A127BEC1B3C2C00001E2B23 /* AppDelegate.swift */; };
		9A127BEF1B3C2C00001E2B23 /* ViewController.swift in Sources */ = {isa = PBXBuildFile; fileRef = 9A127BEE1B3C2C00001E2B23 /* ViewController.swift */; };
		9A127BF21B3C2C00001E2B23 /* Main.storyboard in Resources */ = {isa = PBXBuildFile; fileRef = 9A127BF01B3C2C00001E2B23 /* Main.storyboard */; };
		9A127BF41B3C2C00001E2B23 /* Images.xcassets in Resources */ = {isa = PBXBuildFile; fileRef = 9A127BF31B3C2C00001E2B23 /* Images.xcassets */; };
		9A127BF71B3C2C00001E2B23 /* LaunchScreen.xib in Resources */ = {isa = PBXBuildFile; fileRef = 9A127BF51B3C2C00001E2B23 /* LaunchScreen.xib */; };
		9A127C031B3C2C01001E2B23 /* NSZoomTransitionAnimatorTests.swift in Sources */ = {isa = PBXBuildFile; fileRef = 9A127C021B3C2C01001E2B23 /* NSZoomTransitionAnimatorTests.swift */; };
		9A127C0F1B3C2D66001E2B23 /* ImageCollectionModalTransitionViewController.swift in Sources */ = {isa = PBXBuildFile; fileRef = 9A127C0D1B3C2D66001E2B23 /* ImageCollectionModalTransitionViewController.swift */; };
		9A127C131B3C2FFB001E2B23 /* ImageCollectionModalTransitionCell.swift in Sources */ = {isa = PBXBuildFile; fileRef = 9A127C111B3C2FFB001E2B23 /* ImageCollectionModalTransitionCell.swift */; };
		9A127C141B3C2FFB001E2B23 /* ImageCollectionModalTransitionCell.xib in Resources */ = {isa = PBXBuildFile; fileRef = 9A127C121B3C2FFB001E2B23 /* ImageCollectionModalTransitionCell.xib */; };
/* End PBXBuildFile section */

/* Begin PBXContainerItemProxy section */
		9A127BFD1B3C2C01001E2B23 /* PBXContainerItemProxy */ = {
			isa = PBXContainerItemProxy;
			containerPortal = 9A127BDF1B3C2C00001E2B23 /* Project object */;
			proxyType = 1;
			remoteGlobalIDString = 9A127BE61B3C2C00001E2B23;
			remoteInfo = NSZoomTransitionAnimator;
		};
/* End PBXContainerItemProxy section */

/* Begin PBXFileReference section */
		9A127BE71B3C2C00001E2B23 /* NSZoomTransitionAnimator.app */ = {isa = PBXFileReference; explicitFileType = wrapper.application; includeInIndex = 0; path = NSZoomTransitionAnimator.app; sourceTree = BUILT_PRODUCTS_DIR; };
		9A127BEB1B3C2C00001E2B23 /* Info.plist */ = {isa = PBXFileReference; lastKnownFileType = text.plist.xml; path = Info.plist; sourceTree = "<group>"; };
		9A127BEC1B3C2C00001E2B23 /* AppDelegate.swift */ = {isa = PBXFileReference; lastKnownFileType = sourcecode.swift; path = AppDelegate.swift; sourceTree = "<group>"; };
		9A127BEE1B3C2C00001E2B23 /* ViewController.swift */ = {isa = PBXFileReference; lastKnownFileType = sourcecode.swift; path = ViewController.swift; sourceTree = "<group>"; };
		9A127BF11B3C2C00001E2B23 /* Base */ = {isa = PBXFileReference; lastKnownFileType = file.storyboard; name = Base; path = Base.lproj/Main.storyboard; sourceTree = "<group>"; };
		9A127BF31B3C2C00001E2B23 /* Images.xcassets */ = {isa = PBXFileReference; lastKnownFileType = folder.assetcatalog; path = Images.xcassets; sourceTree = "<group>"; };
		9A127BF61B3C2C00001E2B23 /* Base */ = {isa = PBXFileReference; lastKnownFileType = file.xib; name = Base; path = Base.lproj/LaunchScreen.xib; sourceTree = "<group>"; };
		9A127BFC1B3C2C01001E2B23 /* NSZoomTransitionAnimatorTests.xctest */ = {isa = PBXFileReference; explicitFileType = wrapper.cfbundle; includeInIndex = 0; path = NSZoomTransitionAnimatorTests.xctest; sourceTree = BUILT_PRODUCTS_DIR; };
		9A127C011B3C2C01001E2B23 /* Info.plist */ = {isa = PBXFileReference; lastKnownFileType = text.plist.xml; path = Info.plist; sourceTree = "<group>"; };
		9A127C021B3C2C01001E2B23 /* NSZoomTransitionAnimatorTests.swift */ = {isa = PBXFileReference; lastKnownFileType = sourcecode.swift; path = NSZoomTransitionAnimatorTests.swift; sourceTree = "<group>"; };
		9A127C0D1B3C2D66001E2B23 /* ImageCollectionModalTransitionViewController.swift */ = {isa = PBXFileReference; fileEncoding = 4; lastKnownFileType = sourcecode.swift; path = ImageCollectionModalTransitionViewController.swift; sourceTree = "<group>"; };
		9A127C111B3C2FFB001E2B23 /* ImageCollectionModalTransitionCell.swift */ = {isa = PBXFileReference; fileEncoding = 4; lastKnownFileType = sourcecode.swift; path = ImageCollectionModalTransitionCell.swift; sourceTree = "<group>"; };
		9A127C121B3C2FFB001E2B23 /* ImageCollectionModalTransitionCell.xib */ = {isa = PBXFileReference; fileEncoding = 4; lastKnownFileType = file.xib; path = ImageCollectionModalTransitionCell.xib; sourceTree = "<group>"; };
/* End PBXFileReference section */

/* Begin PBXFrameworksBuildPhase section */
		9A127BE41B3C2C00001E2B23 /* Frameworks */ = {
			isa = PBXFrameworksBuildPhase;
			buildActionMask = 2147483647;
			files = (
			);
			runOnlyForDeploymentPostprocessing = 0;
		};
		9A127BF91B3C2C01001E2B23 /* Frameworks */ = {
			isa = PBXFrameworksBuildPhase;
			buildActionMask = 2147483647;
			files = (
			);
			runOnlyForDeploymentPostprocessing = 0;
		};
/* End PBXFrameworksBuildPhase section */

/* Begin PBXGroup section */
		9A127BDE1B3C2C00001E2B23 = {
			isa = PBXGroup;
			children = (
				9A127BE91B3C2C00001E2B23 /* NSZoomTransitionAnimator */,
				9A127BFF1B3C2C01001E2B23 /* NSZoomTransitionAnimatorTests */,
				9A127BE81B3C2C00001E2B23 /* Products */,
			);
			sourceTree = "<group>";
		};
		9A127BE81B3C2C00001E2B23 /* Products */ = {
			isa = PBXGroup;
			children = (
				9A127BE71B3C2C00001E2B23 /* NSZoomTransitionAnimator.app */,
				9A127BFC1B3C2C01001E2B23 /* NSZoomTransitionAnimatorTests.xctest */,
			);
			name = Products;
			sourceTree = "<group>";
		};
		9A127BE91B3C2C00001E2B23 /* NSZoomTransitionAnimator */ = {
			isa = PBXGroup;
			children = (
				9A127C0C1B3C2D0C001E2B23 /* CollectionViewController */,
				9A127BEC1B3C2C00001E2B23 /* AppDelegate.swift */,
				9A127BEE1B3C2C00001E2B23 /* ViewController.swift */,
				9A127BF01B3C2C00001E2B23 /* Main.storyboard */,
				9A127BF31B3C2C00001E2B23 /* Images.xcassets */,
				9A127BF51B3C2C00001E2B23 /* LaunchScreen.xib */,
				9A127BEA1B3C2C00001E2B23 /* Supporting Files */,
			);
			path = NSZoomTransitionAnimator;
			sourceTree = "<group>";
		};
		9A127BEA1B3C2C00001E2B23 /* Supporting Files */ = {
			isa = PBXGroup;
			children = (
				9A127BEB1B3C2C00001E2B23 /* Info.plist */,
			);
			name = "Supporting Files";
			sourceTree = "<group>";
		};
		9A127BFF1B3C2C01001E2B23 /* NSZoomTransitionAnimatorTests */ = {
			isa = PBXGroup;
			children = (
				9A127C021B3C2C01001E2B23 /* NSZoomTransitionAnimatorTests.swift */,
				9A127C001B3C2C01001E2B23 /* Supporting Files */,
			);
			path = NSZoomTransitionAnimatorTests;
			sourceTree = "<group>";
		};
		9A127C001B3C2C01001E2B23 /* Supporting Files */ = {
			isa = PBXGroup;
			children = (
				9A127C011B3C2C01001E2B23 /* Info.plist */,
			);
			name = "Supporting Files";
			sourceTree = "<group>";
		};
		9A127C0C1B3C2D0C001E2B23 /* CollectionViewController */ = {
			isa = PBXGroup;
			children = (
				9A127C0D1B3C2D66001E2B23 /* ImageCollectionModalTransitionViewController.swift */,
				9A127C111B3C2FFB001E2B23 /* ImageCollectionModalTransitionCell.swift */,
				9A127C121B3C2FFB001E2B23 /* ImageCollectionModalTransitionCell.xib */,
			);
			name = CollectionViewController;
			sourceTree = "<group>";
		};
/* End PBXGroup section */

/* Begin PBXNativeTarget section */
		9A127BE61B3C2C00001E2B23 /* NSZoomTransitionAnimator */ = {
			isa = PBXNativeTarget;
			buildConfigurationList = 9A127C061B3C2C01001E2B23 /* Build configuration list for PBXNativeTarget "NSZoomTransitionAnimator" */;
			buildPhases = (
				9A127BE31B3C2C00001E2B23 /* Sources */,
				9A127BE41B3C2C00001E2B23 /* Frameworks */,
				9A127BE51B3C2C00001E2B23 /* Resources */,
			);
			buildRules = (
			);
			dependencies = (
			);
			name = NSZoomTransitionAnimator;
			productName = NSZoomTransitionAnimator;
			productReference = 9A127BE71B3C2C00001E2B23 /* NSZoomTransitionAnimator.app */;
			productType = "com.apple.product-type.application";
		};
		9A127BFB1B3C2C01001E2B23 /* NSZoomTransitionAnimatorTests */ = {
			isa = PBXNativeTarget;
			buildConfigurationList = 9A127C091B3C2C01001E2B23 /* Build configuration list for PBXNativeTarget "NSZoomTransitionAnimatorTests" */;
			buildPhases = (
				9A127BF81B3C2C01001E2B23 /* Sources */,
				9A127BF91B3C2C01001E2B23 /* Frameworks */,
				9A127BFA1B3C2C01001E2B23 /* Resources */,
			);
			buildRules = (
			);
			dependencies = (
				9A127BFE1B3C2C01001E2B23 /* PBXTargetDependency */,
			);
			name = NSZoomTransitionAnimatorTests;
			productName = NSZoomTransitionAnimatorTests;
			productReference = 9A127BFC1B3C2C01001E2B23 /* NSZoomTransitionAnimatorTests.xctest */;
			productType = "com.apple.product-type.bundle.unit-test";
		};
/* End PBXNativeTarget section */

/* Begin PBXProject section */
		9A127BDF1B3C2C00001E2B23 /* Project object */ = {
			isa = PBXProject;
			attributes = {
				LastUpgradeCheck = 0630;
				ORGANIZATIONNAME = naoyashiga;
				TargetAttributes = {
					9A127BE61B3C2C00001E2B23 = {
						CreatedOnToolsVersion = 6.3.2;
					};
					9A127BFB1B3C2C01001E2B23 = {
						CreatedOnToolsVersion = 6.3.2;
						TestTargetID = 9A127BE61B3C2C00001E2B23;
					};
				};
			};
			buildConfigurationList = 9A127BE21B3C2C00001E2B23 /* Build configuration list for PBXProject "NSZoomTransitionAnimator" */;
			compatibilityVersion = "Xcode 3.2";
			developmentRegion = English;
			hasScannedForEncodings = 0;
			knownRegions = (
				en,
				Base,
			);
			mainGroup = 9A127BDE1B3C2C00001E2B23;
			productRefGroup = 9A127BE81B3C2C00001E2B23 /* Products */;
			projectDirPath = "";
			projectRoot = "";
			targets = (
				9A127BE61B3C2C00001E2B23 /* NSZoomTransitionAnimator */,
				9A127BFB1B3C2C01001E2B23 /* NSZoomTransitionAnimatorTests */,
			);
		};
/* End PBXProject section */

/* Begin PBXResourcesBuildPhase section */
		9A127BE51B3C2C00001E2B23 /* Resources */ = {
			isa = PBXResourcesBuildPhase;
			buildActionMask = 2147483647;
			files = (
				9A127C141B3C2FFB001E2B23 /* ImageCollectionModalTransitionCell.xib in Resources */,
				9A127BF21B3C2C00001E2B23 /* Main.storyboard in Resources */,
				9A127BF71B3C2C00001E2B23 /* LaunchScreen.xib in Resources */,
				9A127BF41B3C2C00001E2B23 /* Images.xcassets in Resources */,
			);
			runOnlyForDeploymentPostprocessing = 0;
		};
		9A127BFA1B3C2C01001E2B23 /* Resources */ = {
			isa = PBXResourcesBuildPhase;
			buildActionMask = 2147483647;
			files = (
			);
			runOnlyForDeploymentPostprocessing = 0;
		};
/* End PBXResourcesBuildPhase section */

/* Begin PBXSourcesBuildPhase section */
		9A127BE31B3C2C00001E2B23 /* Sources */ = {
			isa = PBXSourcesBuildPhase;
			buildActionMask = 2147483647;
			files = (
				9A127BEF1B3C2C00001E2B23 /* ViewController.swift in Sources */,
				9A127BED1B3C2C00001E2B23 /* AppDelegate.swift in Sources */,
				9A127C131B3C2FFB001E2B23 /* ImageCollectionModalTransitionCell.swift in Sources */,
				9A127C0F1B3C2D66001E2B23 /* ImageCollectionModalTransitionViewController.swift in Sources */,
			);
			runOnlyForDeploymentPostprocessing = 0;
		};
		9A127BF81B3C2C01001E2B23 /* Sources */ = {
			isa = PBXSourcesBuildPhase;
			buildActionMask = 2147483647;
			files = (
				9A127C031B3C2C01001E2B23 /* NSZoomTransitionAnimatorTests.swift in Sources */,
			);
			runOnlyForDeploymentPostprocessing = 0;
		};
/* End PBXSourcesBuildPhase section */

/* Begin PBXTargetDependency section */
		9A127BFE1B3C2C01001E2B23 /* PBXTargetDependency */ = {
			isa = PBXTargetDependency;
			target = 9A127BE61B3C2C00001E2B23 /* NSZoomTransitionAnimator */;
			targetProxy = 9A127BFD1B3C2C01001E2B23 /* PBXContainerItemProxy */;
		};
/* End PBXTargetDependency section */

/* Begin PBXVariantGroup section */
		9A127BF01B3C2C00001E2B23 /* Main.storyboard */ = {
			isa = PBXVariantGroup;
			children = (
				9A127BF11B3C2C00001E2B23 /* Base */,
			);
			name = Main.storyboard;
			sourceTree = "<group>";
		};
		9A127BF51B3C2C00001E2B23 /* LaunchScreen.xib */ = {
			isa = PBXVariantGroup;
			children = (
				9A127BF61B3C2C00001E2B23 /* Base */,
			);
			name = LaunchScreen.xib;
			sourceTree = "<group>";
		};
/* End PBXVariantGroup section */

/* Begin XCBuildConfiguration section */
		9A127C041B3C2C01001E2B23 /* Debug */ = {
			isa = XCBuildConfiguration;
			buildSettings = {
				ALWAYS_SEARCH_USER_PATHS = NO;
				CLANG_CXX_LANGUAGE_STANDARD = "gnu++0x";
				CLANG_CXX_LIBRARY = "libc++";
				CLANG_ENABLE_MODULES = YES;
				CLANG_ENABLE_OBJC_ARC = YES;
				CLANG_WARN_BOOL_CONVERSION = YES;
				CLANG_WARN_CONSTANT_CONVERSION = YES;
				CLANG_WARN_DIRECT_OBJC_ISA_USAGE = YES_ERROR;
				CLANG_WARN_EMPTY_BODY = YES;
				CLANG_WARN_ENUM_CONVERSION = YES;
				CLANG_WARN_INT_CONVERSION = YES;
				CLANG_WARN_OBJC_ROOT_CLASS = YES_ERROR;
				CLANG_WARN_UNREACHABLE_CODE = YES;
				CLANG_WARN__DUPLICATE_METHOD_MATCH = YES;
				"CODE_SIGN_IDENTITY[sdk=iphoneos*]" = "iPhone Developer";
				COPY_PHASE_STRIP = NO;
				DEBUG_INFORMATION_FORMAT = "dwarf-with-dsym";
				ENABLE_STRICT_OBJC_MSGSEND = YES;
				GCC_C_LANGUAGE_STANDARD = gnu99;
				GCC_DYNAMIC_NO_PIC = NO;
				GCC_NO_COMMON_BLOCKS = YES;
				GCC_OPTIMIZATION_LEVEL = 0;
				GCC_PREPROCESSOR_DEFINITIONS = (
					"DEBUG=1",
					"$(inherited)",
				);
				GCC_SYMBOLS_PRIVATE_EXTERN = NO;
				GCC_WARN_64_TO_32_BIT_CONVERSION = YES;
				GCC_WARN_ABOUT_RETURN_TYPE = YES_ERROR;
				GCC_WARN_UNDECLARED_SELECTOR = YES;
				GCC_WARN_UNINITIALIZED_AUTOS = YES_AGGRESSIVE;
				GCC_WARN_UNUSED_FUNCTION = YES;
				GCC_WARN_UNUSED_VARIABLE = YES;
				IPHONEOS_DEPLOYMENT_TARGET = 8.3;
				MTL_ENABLE_DEBUG_INFO = YES;
				ONLY_ACTIVE_ARCH = YES;
				SDKROOT = iphoneos;
				SWIFT_OPTIMIZATION_LEVEL = "-Onone";
			};
			name = Debug;
		};
		9A127C051B3C2C01001E2B23 /* Release */ = {
			isa = XCBuildConfiguration;
			buildSettings = {
				ALWAYS_SEARCH_USER_PATHS = NO;
				CLANG_CXX_LANGUAGE_STANDARD = "gnu++0x";
				CLANG_CXX_LIBRARY = "libc++";
				CLANG_ENABLE_MODULES = YES;
				CLANG_ENABLE_OBJC_ARC = YES;
				CLANG_WARN_BOOL_CONVERSION = YES;
				CLANG_WARN_CONSTANT_CONVERSION = YES;
				CLANG_WARN_DIRECT_OBJC_ISA_USAGE = YES_ERROR;
				CLANG_WARN_EMPTY_BODY = YES;
				CLANG_WARN_ENUM_CONVERSION = YES;
				CLANG_WARN_INT_CONVERSION = YES;
				CLANG_WARN_OBJC_ROOT_CLASS = YES_ERROR;
				CLANG_WARN_UNREACHABLE_CODE = YES;
				CLANG_WARN__DUPLICATE_METHOD_MATCH = YES;
				"CODE_SIGN_IDENTITY[sdk=iphoneos*]" = "iPhone Developer";
				COPY_PHASE_STRIP = NO;
				DEBUG_INFORMATION_FORMAT = "dwarf-with-dsym";
				ENABLE_NS_ASSERTIONS = NO;
				ENABLE_STRICT_OBJC_MSGSEND = YES;
				GCC_C_LANGUAGE_STANDARD = gnu99;
				GCC_NO_COMMON_BLOCKS = YES;
				GCC_WARN_64_TO_32_BIT_CONVERSION = YES;
				GCC_WARN_ABOUT_RETURN_TYPE = YES_ERROR;
				GCC_WARN_UNDECLARED_SELECTOR = YES;
				GCC_WARN_UNINITIALIZED_AUTOS = YES_AGGRESSIVE;
				GCC_WARN_UNUSED_FUNCTION = YES;
				GCC_WARN_UNUSED_VARIABLE = YES;
				IPHONEOS_DEPLOYMENT_TARGET = 8.3;
				MTL_ENABLE_DEBUG_INFO = NO;
				SDKROOT = iphoneos;
				VALIDATE_PRODUCT = YES;
			};
			name = Release;
		};
		9A127C071B3C2C01001E2B23 /* Debug */ = {
			isa = XCBuildConfiguration;
			buildSettings = {
				ASSETCATALOG_COMPILER_APPICON_NAME = AppIcon;
				INFOPLIST_FILE = NSZoomTransitionAnimator/Info.plist;
				LD_RUNPATH_SEARCH_PATHS = "$(inherited) @executable_path/Frameworks";
				PRODUCT_NAME = "$(TARGET_NAME)";
			};
			name = Debug;
		};
		9A127C081B3C2C01001E2B23 /* Release */ = {
			isa = XCBuildConfiguration;
			buildSettings = {
				ASSETCATALOG_COMPILER_APPICON_NAME = AppIcon;
				INFOPLIST_FILE = NSZoomTransitionAnimator/Info.plist;
				LD_RUNPATH_SEARCH_PATHS = "$(inherited) @executable_path/Frameworks";
				PRODUCT_NAME = "$(TARGET_NAME)";
			};
			name = Release;
		};
		9A127C0A1B3C2C01001E2B23 /* Debug */ = {
			isa = XCBuildConfiguration;
			buildSettings = {
				BUNDLE_LOADER = "$(TEST_HOST)";
				FRAMEWORK_SEARCH_PATHS = (
					"$(SDKROOT)/Developer/Library/Frameworks",
					"$(inherited)",
				);
				GCC_PREPROCESSOR_DEFINITIONS = (
					"DEBUG=1",
					"$(inherited)",
				);
				INFOPLIST_FILE = NSZoomTransitionAnimatorTests/Info.plist;
				LD_RUNPATH_SEARCH_PATHS = "$(inherited) @executable_path/Frameworks @loader_path/Frameworks";
				PRODUCT_NAME = "$(TARGET_NAME)";
				TEST_HOST = "$(BUILT_PRODUCTS_DIR)/NSZoomTransitionAnimator.app/NSZoomTransitionAnimator";
			};
			name = Debug;
		};
		9A127C0B1B3C2C01001E2B23 /* Release */ = {
			isa = XCBuildConfiguration;
			buildSettings = {
				BUNDLE_LOADER = "$(TEST_HOST)";
				FRAMEWORK_SEARCH_PATHS = (
					"$(SDKROOT)/Developer/Library/Frameworks",
					"$(inherited)",
				);
				INFOPLIST_FILE = NSZoomTransitionAnimatorTests/Info.plist;
				LD_RUNPATH_SEARCH_PATHS = "$(inherited) @executable_path/Frameworks @loader_path/Frameworks";
				PRODUCT_NAME = "$(TARGET_NAME)";
				TEST_HOST = "$(BUILT_PRODUCTS_DIR)/NSZoomTransitionAnimator.app/NSZoomTransitionAnimator";
			};
			name = Release;
		};
/* End XCBuildConfiguration section */

/* Begin XCConfigurationList section */
		9A127BE21B3C2C00001E2B23 /* Build configuration list for PBXProject "NSZoomTransitionAnimator" */ = {
			isa = XCConfigurationList;
			buildConfigurations = (
				9A127C041B3C2C01001E2B23 /* Debug */,
				9A127C051B3C2C01001E2B23 /* Release */,
			);
			defaultConfigurationIsVisible = 0;
			defaultConfigurationName = Release;
		};
		9A127C061B3C2C01001E2B23 /* Build configuration list for PBXNativeTarget "NSZoomTransitionAnimator" */ = {
			isa = XCConfigurationList;
			buildConfigurations = (
				9A127C071B3C2C01001E2B23 /* Debug */,
				9A127C081B3C2C01001E2B23 /* Release */,
			);
			defaultConfigurationIsVisible = 0;
		};
		9A127C091B3C2C01001E2B23 /* Build configuration list for PBXNativeTarget "NSZoomTransitionAnimatorTests" */ = {
			isa = XCConfigurationList;
			buildConfigurations = (
				9A127C0A1B3C2C01001E2B23 /* Debug */,
				9A127C0B1B3C2C01001E2B23 /* Release */,
			);
			defaultConfigurationIsVisible = 0;
		};
/* End XCConfigurationList section */
	};
	rootObject = 9A127BDF1B3C2C00001E2B23 /* Project object */;
}
